
Microsoft Visual Studio Solution File, Format Version 12.00
# Visual Studio Version 16
VisualStudioVersion = 16.0.31205.134
MinimumVisualStudioVersion = 10.0.40219.1
Project("{FAE04EC0-301F-11D3-BF4B-00C04F79EFBC}") = "S7NETTEST", "S7NETTEST.csproj", "{EB89FE29-FD66-4B46-8098-D3870FBE9D2B}"
EndProject
Global
	GlobalSection(SolutionConfigurationPlatforms) = preSolution
		Debug|Any CPU = Debug|Any CPU
		Release|Any CPU = Release|Any CPU
	EndGlobalSection
	GlobalSection(ProjectConfigurationPlatforms) = postSolution
		{EB89FE29-FD66-4B46-8098-D3870FBE9D2B}.Debug|Any CPU.ActiveCfg = Debug|Any CPU
		{EB89FE29-FD66-4B46-8098-D3870FBE9D2B}.Debug|Any CPU.Build.0 = Debug|Any CPU
		{EB89FE29-FD66-4B46-8098-D3870FBE9D2B}.Release|Any CPU.ActiveCfg = Release|Any CPU
		{EB89FE29-FD66-4B46-8098-D3870FBE9D2B}.Release|Any CPU.Build.0 = Release|Any CPU
	EndGlobalSection
	GlobalSection(SolutionProperties) = preSolution
		HideSolutionNode = FALSE
	EndGlobalSection
	GlobalSection(ExtensibilityGlobals) = postSolution
		SolutionGuid = {527831B9-8578-45CA-AAF8-14C70F61FD07}
	EndGlobalSection
EndGlobal
